
Microsoft Visual Studio Solution File, Format Version 12.00
# Visual Studio Version 16
VisualStudioVersion = 16.0.32106.194
MinimumVisualStudioVersion = 10.0.40219.1
Project("{9A19103F-16F7-4668-BE54-9A1E7A4F7556}") = "DIO.Bank", "DIO.Bank.csproj", "{DA975719-E2FD-4DBF-8112-643510CDF69B}"
EndProject
Global
	GlobalSection(SolutionConfigurationPlatforms) = preSolution
		Debug|Any CPU = Debug|Any CPU
		Release|Any CPU = Release|Any CPU
	EndGlobalSection
	GlobalSection(ProjectConfigurationPlatforms) = postSolution
		{DA975719-E2FD-4DBF-8112-643510CDF69B}.Debug|Any CPU.ActiveCfg = Debug|Any CPU
		{DA975719-E2FD-4DBF-8112-643510CDF69B}.Debug|Any CPU.Build.0 = Debug|Any CPU
		{DA975719-E2FD-4DBF-8112-643510CDF69B}.Release|Any CPU.ActiveCfg = Release|Any CPU
		{DA975719-E2FD-4DBF-8112-643510CDF69B}.Release|Any CPU.Build.0 = Release|Any CPU
	EndGlobalSection
	GlobalSection(SolutionProperties) = preSolution
		HideSolutionNode = FALSE
	EndGlobalSection
	GlobalSection(ExtensibilityGlobals) = postSolution
		SolutionGuid = {CBF6C402-B7F0-479E-8E90-CFAC74B7C55C}
	EndGlobalSection
EndGlobal
